
Microsoft Visual Studio Solution File, Format Version 12.00
# Visual Studio Version 16
VisualStudioVersion = 25.0.1706.9
MinimumVisualStudioVersion = 10.0.40219.1
Project("{FAE04EC0-301F-11D3-BF4B-00C04F79EFBC}") = "CET322Assignment2", "CET322Assignment2\CET322Assignment2.csproj", "{ED99226A-B930-4604-B78B-2C687E9EE73C}"
EndProject
Global
	GlobalSection(SolutionConfigurationPlatforms) = preSolution
		Debug|Any CPU = Debug|Any CPU
		Release|Any CPU = Release|Any CPU
	EndGlobalSection
	GlobalSection(ProjectConfigurationPlatforms) = postSolution
		{ED99226A-B930-4604-B78B-2C687E9EE73C}.Debug|Any CPU.ActiveCfg = Debug|Any CPU
		{ED99226A-B930-4604-B78B-2C687E9EE73C}.Debug|Any CPU.Build.0 = Debug|Any CPU
		{ED99226A-B930-4604-B78B-2C687E9EE73C}.Release|Any CPU.ActiveCfg = Release|Any CPU
		{ED99226A-B930-4604-B78B-2C687E9EE73C}.Release|Any CPU.Build.0 = Release|Any CPU
	EndGlobalSection
	GlobalSection(SolutionProperties) = preSolution
		HideSolutionNode = FALSE
	EndGlobalSection
	GlobalSection(ExtensibilityGlobals) = postSolution
		SolutionGuid = {1A98BDBF-81D1-449D-8E21-7738CE3D87BF}
	EndGlobalSection
EndGlobal
